
Microsoft Visual Studio Solution File, Format Version 12.00
# Visual Studio Version 17
VisualStudioVersion = 17.4.33122.133
MinimumVisualStudioVersion = 10.0.40219.1
Project("{9A19103F-16F7-4668-BE54-9A1E7A4F7556}") = "AWSLambdaGuidGenerator", "AWSLambdaGuidGenerator.csproj", "{1B8FD7E1-60B5-419E-8669-91B6ABA244C4}"
EndProject
Project("{9A19103F-16F7-4668-BE54-9A1E7A4F7556}") = "Models", "..\Models\Models.csproj", "{72D600B4-EDF1-46E6-A685-E5A9B7D54078}"
EndProject
Global
	GlobalSection(SolutionConfigurationPlatforms) = preSolution
		Debug|Any CPU = Debug|Any CPU
		Release|Any CPU = Release|Any CPU
	EndGlobalSection
	GlobalSection(ProjectConfigurationPlatforms) = postSolution
		{1B8FD7E1-60B5-419E-8669-91B6ABA244C4}.Debug|Any CPU.ActiveCfg = Debug|Any CPU
		{1B8FD7E1-60B5-419E-8669-91B6ABA244C4}.Debug|Any CPU.Build.0 = Debug|Any CPU
		{1B8FD7E1-60B5-419E-8669-91B6ABA244C4}.Release|Any CPU.ActiveCfg = Release|Any CPU
		{1B8FD7E1-60B5-419E-8669-91B6ABA244C4}.Release|Any CPU.Build.0 = Release|Any CPU
		{72D600B4-EDF1-46E6-A685-E5A9B7D54078}.Debug|Any CPU.ActiveCfg = Debug|Any CPU
		{72D600B4-EDF1-46E6-A685-E5A9B7D54078}.Debug|Any CPU.Build.0 = Debug|Any CPU
		{72D600B4-EDF1-46E6-A685-E5A9B7D54078}.Release|Any CPU.ActiveCfg = Release|Any CPU
		{72D600B4-EDF1-46E6-A685-E5A9B7D54078}.Release|Any CPU.Build.0 = Release|Any CPU
	EndGlobalSection
	GlobalSection(SolutionProperties) = preSolution
		HideSolutionNode = FALSE
	EndGlobalSection
	GlobalSection(ExtensibilityGlobals) = postSolution
		SolutionGuid = {09531C5F-EBA8-4480-9448-E9880DF98AD0}
	EndGlobalSection
EndGlobal
